
Microsoft Visual Studio Solution File, Format Version 12.00
# Visual Studio Version 16
VisualStudioVersion = 16.0.808.0
MinimumVisualStudioVersion = 10.0.40219.1
Project("{FAE04EC0-301F-11D3-BF4B-00C04F79EFBC}") = "coding", "coding\coding.csproj", "{090A53B3-112E-4947-BBDC-708A1D02713A}"
EndProject
Global
	GlobalSection(SolutionConfigurationPlatforms) = preSolution
		Debug|Any CPU = Debug|Any CPU
		Release|Any CPU = Release|Any CPU
	EndGlobalSection
	GlobalSection(ProjectConfigurationPlatforms) = postSolution
		{090A53B3-112E-4947-BBDC-708A1D02713A}.Debug|Any CPU.ActiveCfg = Debug|Any CPU
		{090A53B3-112E-4947-BBDC-708A1D02713A}.Debug|Any CPU.Build.0 = Debug|Any CPU
		{090A53B3-112E-4947-BBDC-708A1D02713A}.Release|Any CPU.ActiveCfg = Release|Any CPU
		{090A53B3-112E-4947-BBDC-708A1D02713A}.Release|Any CPU.Build.0 = Release|Any CPU
	EndGlobalSection
	GlobalSection(SolutionProperties) = preSolution
		HideSolutionNode = FALSE
	EndGlobalSection
	GlobalSection(ExtensibilityGlobals) = postSolution
		SolutionGuid = {627F4FF8-D7D9-44D4-A8B0-11E213B1CA3C}
	EndGlobalSection
EndGlobal
